
Microsoft Visual Studio Solution File, Format Version 12.00
# Visual Studio Version 17
VisualStudioVersion = 17.8.34330.188
MinimumVisualStudioVersion = 10.0.40219.1
Project("{FAE04EC0-301F-11D3-BF4B-00C04F79EFBC}") = "Treashure", "Treashure.csproj", "{013144A7-BAD9-4CA9-BFF4-5CA7D2718DBA}"
EndProject
Global
	GlobalSection(SolutionConfigurationPlatforms) = preSolution
		Debug|Any CPU = Debug|Any CPU
		Release|Any CPU = Release|Any CPU
	EndGlobalSection
	GlobalSection(ProjectConfigurationPlatforms) = postSolution
		{013144A7-BAD9-4CA9-BFF4-5CA7D2718DBA}.Debug|Any CPU.ActiveCfg = Debug|Any CPU
		{013144A7-BAD9-4CA9-BFF4-5CA7D2718DBA}.Debug|Any CPU.Build.0 = Debug|Any CPU
		{013144A7-BAD9-4CA9-BFF4-5CA7D2718DBA}.Release|Any CPU.ActiveCfg = Release|Any CPU
		{013144A7-BAD9-4CA9-BFF4-5CA7D2718DBA}.Release|Any CPU.Build.0 = Release|Any CPU
	EndGlobalSection
	GlobalSection(SolutionProperties) = preSolution
		HideSolutionNode = FALSE
	EndGlobalSection
	GlobalSection(ExtensibilityGlobals) = postSolution
		SolutionGuid = {AFD1CC27-1E25-4CF8-9BA7-7521F4BFB5BE}
	EndGlobalSection
EndGlobal
